
Microsoft Visual Studio Solution File, Format Version 12.00
# Visual Studio Version 16
VisualStudioVersion = 16.0.31613.86
MinimumVisualStudioVersion = 10.0.40219.1
Project("{FAE04EC0-301F-11D3-BF4B-00C04F79EFBC}") = "MarvalTestCSVReader", "MarvalTestCSVReader\MarvalTestCSVReader.csproj", "{02F1FE11-87BB-4F48-B62F-9EDAC6B40217}"
EndProject
Global
	GlobalSection(SolutionConfigurationPlatforms) = preSolution
		Debug|Any CPU = Debug|Any CPU
		Release|Any CPU = Release|Any CPU
	EndGlobalSection
	GlobalSection(ProjectConfigurationPlatforms) = postSolution
		{02F1FE11-87BB-4F48-B62F-9EDAC6B40217}.Debug|Any CPU.ActiveCfg = Debug|Any CPU
		{02F1FE11-87BB-4F48-B62F-9EDAC6B40217}.Debug|Any CPU.Build.0 = Debug|Any CPU
		{02F1FE11-87BB-4F48-B62F-9EDAC6B40217}.Release|Any CPU.ActiveCfg = Release|Any CPU
		{02F1FE11-87BB-4F48-B62F-9EDAC6B40217}.Release|Any CPU.Build.0 = Release|Any CPU
	EndGlobalSection
	GlobalSection(SolutionProperties) = preSolution
		HideSolutionNode = FALSE
	EndGlobalSection
	GlobalSection(ExtensibilityGlobals) = postSolution
		SolutionGuid = {B7C7533B-9EB6-4947-BCD4-D33DBC1276E8}
	EndGlobalSection
EndGlobal
